{
  "name": "server",
  "version": "1.0.0",
  "lockfileVersion": 1,
  "requires": true,
  "dependencies": {
    "airbrake-js": {
      "version": "1.6.4",
      "resolved": "https://registry.npmjs.org/airbrake-js/-/airbrake-js-1.6.4.tgz",
      "integrity": "sha512-dB/B8qph8v9dBU1ibyVQHBvdiGBOcBgY2T++IeFoLcfVIgXNjISReJj8/VL1c/ML6nDaCerdrNUhyOgHAV/NVA=="
    }
  }
}
